
Microsoft Visual Studio Solution File, Format Version 12.00
# Visual Studio Version 16
VisualStudioVersion = 16.0.30717.126
MinimumVisualStudioVersion = 10.0.40219.1
Project("{2150E333-8FDC-42A3-9474-1A3956D46DE8}") = "src", "src", "{164ECE88-0C3A-40A2-BEBB-01E039428166}"
EndProject
Project("{FAE04EC0-301F-11D3-BF4B-00C04F79EFBC}") = "Ocelot.Provider.Consul.Extensions", "src\Ocelot.Provider.Consul.Extensions\Ocelot.Provider.Consul.Extensions.csproj", "{08F55832-638C-4B80-90E8-15771884160F}"
EndProject
Global
	GlobalSection(SolutionConfigurationPlatforms) = preSolution
		Debug|Any CPU = Debug|Any CPU
		Release|Any CPU = Release|Any CPU
	EndGlobalSection
	GlobalSection(ProjectConfigurationPlatforms) = postSolution
		{08F55832-638C-4B80-90E8-15771884160F}.Debug|Any CPU.ActiveCfg = Debug|Any CPU
		{08F55832-638C-4B80-90E8-15771884160F}.Debug|Any CPU.Build.0 = Debug|Any CPU
		{08F55832-638C-4B80-90E8-15771884160F}.Release|Any CPU.ActiveCfg = Release|Any CPU
		{08F55832-638C-4B80-90E8-15771884160F}.Release|Any CPU.Build.0 = Release|Any CPU
	EndGlobalSection
	GlobalSection(SolutionProperties) = preSolution
		HideSolutionNode = FALSE
	EndGlobalSection
	GlobalSection(NestedProjects) = preSolution
		{08F55832-638C-4B80-90E8-15771884160F} = {164ECE88-0C3A-40A2-BEBB-01E039428166}
	EndGlobalSection
	GlobalSection(ExtensibilityGlobals) = postSolution
		SolutionGuid = {37494FC8-BAE8-4A21-9FE3-F0B5E0A5BF76}
	EndGlobalSection
EndGlobal
